
Microsoft Visual Studio Solution File, Format Version 12.00
# Visual Studio Version 17
VisualStudioVersion = 17.1.32319.34
MinimumVisualStudioVersion = 10.0.40219.1
Project("{F184B08F-C81C-45F6-A57F-5ABD9991F28F}") = "inventory", "design\inventory.vbproj", "{7E508FD3-F82D-4374-BC8D-58589820AC93}"
EndProject
Global
	GlobalSection(SolutionConfigurationPlatforms) = preSolution
		Debug|Any CPU = Debug|Any CPU
		Release|Any CPU = Release|Any CPU
	EndGlobalSection
	GlobalSection(ProjectConfigurationPlatforms) = postSolution
		{7E508FD3-F82D-4374-BC8D-58589820AC93}.Debug|Any CPU.ActiveCfg = Debug|Any CPU
		{7E508FD3-F82D-4374-BC8D-58589820AC93}.Debug|Any CPU.Build.0 = Debug|Any CPU
		{7E508FD3-F82D-4374-BC8D-58589820AC93}.Release|Any CPU.ActiveCfg = Release|Any CPU
		{7E508FD3-F82D-4374-BC8D-58589820AC93}.Release|Any CPU.Build.0 = Release|Any CPU
	EndGlobalSection
	GlobalSection(SolutionProperties) = preSolution
		HideSolutionNode = FALSE
	EndGlobalSection
	GlobalSection(ExtensibilityGlobals) = postSolution
		SolutionGuid = {D7D74873-8915-4CDB-8E41-1A5DF41A8AD4}
	EndGlobalSection
EndGlobal
